// !$*UTF8*$!
{
	archiveVersion = 1;
	classes = {
	};
	objectVersion = 46;
	objects = {

/* Begin PBXBuildFile section */
		0A3763831F62556300A80613 /* AppDelegate.swift in Sources */ = {isa = PBXBuildFile; fileRef = 0A3763821F62556300A80613 /* AppDelegate.swift */; };
		0A37638A1F62556300A80613 /* Assets.xcassets in Resources */ = {isa = PBXBuildFile; fileRef = 0A3763891F62556300A80613 /* Assets.xcassets */; };
		0A37638D1F62556400A80613 /* LaunchScreen.storyboard in Resources */ = {isa = PBXBuildFile; fileRef = 0A37638B1F62556400A80613 /* LaunchScreen.storyboard */; };
		0ACA6FC91F626AF900782C1E /* ImageCellItem.swift in Sources */ = {isa = PBXBuildFile; fileRef = 0ACA6FC81F626AF900782C1E /* ImageCellItem.swift */; };
		0ACA6FCC1F626D2E00782C1E /* ImageCollectionViewCell.swift in Sources */ = {isa = PBXBuildFile; fileRef = 0ACA6FCB1F626D2E00782C1E /* ImageCollectionViewCell.swift */; };
		0ACA6FCE1F6275D200782C1E /* DetailViewController.swift in Sources */ = {isa = PBXBuildFile; fileRef = 0ACA6FCD1F6275D200782C1E /* DetailViewController.swift */; };
		629A63FBA018222A355686F6 /* ExampleSectionItem.swift in Sources */ = {isa = PBXBuildFile; fileRef = 629A688DD33578289A57B452 /* ExampleSectionItem.swift */; };
		629A66269E82069645F0C493 /* Int+Random.swift in Sources */ = {isa = PBXBuildFile; fileRef = 629A6A87FA655E721B318C15 /* Int+Random.swift */; };
		629A6B0205FC8F49878C89C1 /* MainViewController.swift in Sources */ = {isa = PBXBuildFile; fileRef = 629A6D6C61B4795949B30938 /* MainViewController.swift */; };
		629A6E35B86008DC359DB40B /* TextCellItem.swift in Sources */ = {isa = PBXBuildFile; fileRef = 629A6D49B5E8DB9CAACD07CE /* TextCellItem.swift */; };
		629A6F192B106310AE2F4456 /* Collection+Shuffle.swift in Sources */ = {isa = PBXBuildFile; fileRef = 629A6A35641443892980C187 /* Collection+Shuffle.swift */; };
		629A6F552D5D656B36F4F52C /* TextCollectionViewCell.swift in Sources */ = {isa = PBXBuildFile; fileRef = 629A60E846B05B88D62C7880 /* TextCollectionViewCell.swift */; };
		FED796BA20EF6B3B0044B82F /* CollectionViewTools.framework in Frameworks */ = {isa = PBXBuildFile; fileRef = FE6E86B31FB961B20027A8FE /* CollectionViewTools.framework */; };
		FED796BB20EF6B3B0044B82F /* CollectionViewTools.framework in Embed Frameworks */ = {isa = PBXBuildFile; fileRef = FE6E86B31FB961B20027A8FE /* CollectionViewTools.framework */; settings = {ATTRIBUTES = (CodeSignOnCopy, RemoveHeadersOnCopy, ); }; };
/* End PBXBuildFile section */

/* Begin PBXCopyFilesBuildPhase section */
		FED796BC20EF6B3B0044B82F /* Embed Frameworks */ = {
			isa = PBXCopyFilesBuildPhase;
			buildActionMask = 2147483647;
			dstPath = "";
			dstSubfolderSpec = 10;
			files = (
				FED796BB20EF6B3B0044B82F /* CollectionViewTools.framework in Embed Frameworks */,
			);
			name = "Embed Frameworks";
			runOnlyForDeploymentPostprocessing = 0;
		};
/* End PBXCopyFilesBuildPhase section */

/* Begin PBXFileReference section */
		0A37637F1F62556300A80613 /* CollectionViewToolsExample.app */ = {isa = PBXFileReference; explicitFileType = wrapper.application; includeInIndex = 0; path = CollectionViewToolsExample.app; sourceTree = BUILT_PRODUCTS_DIR; };
		0A3763821F62556300A80613 /* AppDelegate.swift */ = {isa = PBXFileReference; lastKnownFileType = sourcecode.swift; path = AppDelegate.swift; sourceTree = "<group>"; };
		0A3763891F62556300A80613 /* Assets.xcassets */ = {isa = PBXFileReference; lastKnownFileType = folder.assetcatalog; path = Assets.xcassets; sourceTree = "<group>"; };
		0A37638C1F62556400A80613 /* Base */ = {isa = PBXFileReference; lastKnownFileType = file.storyboard; name = Base; path = Base.lproj/LaunchScreen.storyboard; sourceTree = "<group>"; };
		0A37638E1F62556400A80613 /* Info.plist */ = {isa = PBXFileReference; lastKnownFileType = text.plist.xml; path = Info.plist; sourceTree = "<group>"; };
		0ACA6FC81F626AF900782C1E /* ImageCellItem.swift */ = {isa = PBXFileReference; fileEncoding = 4; lastKnownFileType = sourcecode.swift; path = ImageCellItem.swift; sourceTree = "<group>"; };
		0ACA6FCB1F626D2E00782C1E /* ImageCollectionViewCell.swift */ = {isa = PBXFileReference; fileEncoding = 4; lastKnownFileType = sourcecode.swift; path = ImageCollectionViewCell.swift; sourceTree = "<group>"; };
		0ACA6FCD1F6275D200782C1E /* DetailViewController.swift */ = {isa = PBXFileReference; fileEncoding = 4; lastKnownFileType = sourcecode.swift; path = DetailViewController.swift; sourceTree = "<group>"; };
		629A60E846B05B88D62C7880 /* TextCollectionViewCell.swift */ = {isa = PBXFileReference; fileEncoding = 4; lastKnownFileType = sourcecode.swift; path = TextCollectionViewCell.swift; sourceTree = "<group>"; };
		629A688DD33578289A57B452 /* ExampleSectionItem.swift */ = {isa = PBXFileReference; fileEncoding = 4; lastKnownFileType = sourcecode.swift; path = ExampleSectionItem.swift; sourceTree = "<group>"; };
		629A6A35641443892980C187 /* Collection+Shuffle.swift */ = {isa = PBXFileReference; fileEncoding = 4; lastKnownFileType = sourcecode.swift; path = "Collection+Shuffle.swift"; sourceTree = "<group>"; };
		629A6A87FA655E721B318C15 /* Int+Random.swift */ = {isa = PBXFileReference; fileEncoding = 4; lastKnownFileType = sourcecode.swift; path = "Int+Random.swift"; sourceTree = "<group>"; };
		629A6D49B5E8DB9CAACD07CE /* TextCellItem.swift */ = {isa = PBXFileReference; fileEncoding = 4; lastKnownFileType = sourcecode.swift; path = TextCellItem.swift; sourceTree = "<group>"; };
		629A6D6C61B4795949B30938 /* MainViewController.swift */ = {isa = PBXFileReference; fileEncoding = 4; lastKnownFileType = sourcecode.swift; path = MainViewController.swift; sourceTree = "<group>"; };
		FE6E86B31FB961B20027A8FE /* CollectionViewTools.framework */ = {isa = PBXFileReference; explicitFileType = wrapper.framework; path = CollectionViewTools.framework; sourceTree = BUILT_PRODUCTS_DIR; };
/* End PBXFileReference section */

/* Begin PBXFrameworksBuildPhase section */
		0A37637C1F62556300A80613 /* Frameworks */ = {
			isa = PBXFrameworksBuildPhase;
			buildActionMask = 2147483647;
			files = (
				FED796BA20EF6B3B0044B82F /* CollectionViewTools.framework in Frameworks */,
			);
			runOnlyForDeploymentPostprocessing = 0;
		};
/* End PBXFrameworksBuildPhase section */

/* Begin PBXGroup section */
		0A3763761F62556300A80613 = {
			isa = PBXGroup;
			children = (
				0A3763811F62556300A80613 /* CollectionViewToolsExample */,
				0A3763801F62556300A80613 /* Products */,
				0ACA6FC41F62659500782C1E /* Frameworks */,
			);
			sourceTree = "<group>";
		};
		0A3763801F62556300A80613 /* Products */ = {
			isa = PBXGroup;
			children = (
				0A37637F1F62556300A80613 /* CollectionViewToolsExample.app */,
			);
			name = Products;
			sourceTree = "<group>";
		};
		0A3763811F62556300A80613 /* CollectionViewToolsExample */ = {
			isa = PBXGroup;
			children = (
				0A3763821F62556300A80613 /* AppDelegate.swift */,
				0ACA6FCD1F6275D200782C1E /* DetailViewController.swift */,
				0ACA6FC71F626AED00782C1E /* CellItems */,
				0ACA6FCA1F626D1700782C1E /* Cells */,
				0A3763891F62556300A80613 /* Assets.xcassets */,
				0A37638B1F62556400A80613 /* LaunchScreen.storyboard */,
				0A37638E1F62556400A80613 /* Info.plist */,
				629A69A736A251CE646CE017 /* Extensions */,
				629A6D6C61B4795949B30938 /* MainViewController.swift */,
				629A6B7B0DC722197E2D2AC9 /* SectionItems */,
			);
			path = CollectionViewToolsExample;
			sourceTree = "<group>";
		};
		0ACA6FC41F62659500782C1E /* Frameworks */ = {
			isa = PBXGroup;
			children = (
				FE6E86B31FB961B20027A8FE /* CollectionViewTools.framework */,
			);
			name = Frameworks;
			sourceTree = "<group>";
		};
		0ACA6FC71F626AED00782C1E /* CellItems */ = {
			isa = PBXGroup;
			children = (
				0ACA6FC81F626AF900782C1E /* ImageCellItem.swift */,
				629A6D49B5E8DB9CAACD07CE /* TextCellItem.swift */,
			);
			path = CellItems;
			sourceTree = "<group>";
		};
		0ACA6FCA1F626D1700782C1E /* Cells */ = {
			isa = PBXGroup;
			children = (
				0ACA6FCB1F626D2E00782C1E /* ImageCollectionViewCell.swift */,
				629A60E846B05B88D62C7880 /* TextCollectionViewCell.swift */,
			);
			path = Cells;
			sourceTree = "<group>";
		};
		629A69A736A251CE646CE017 /* Extensions */ = {
			isa = PBXGroup;
			children = (
				629A6A35641443892980C187 /* Collection+Shuffle.swift */,
				629A6A87FA655E721B318C15 /* Int+Random.swift */,
			);
			path = Extensions;
			sourceTree = "<group>";
		};
		629A6B7B0DC722197E2D2AC9 /* SectionItems */ = {
			isa = PBXGroup;
			children = (
				629A688DD33578289A57B452 /* ExampleSectionItem.swift */,
			);
			path = SectionItems;
			sourceTree = "<group>";
		};
/* End PBXGroup section */

/* Begin PBXNativeTarget section */
		0A37637E1F62556300A80613 /* CollectionViewToolsExample */ = {
			isa = PBXNativeTarget;
			buildConfigurationList = 0A37639C1F62556400A80613 /* Build configuration list for PBXNativeTarget "CollectionViewToolsExample" */;
			buildPhases = (
				0A37637B1F62556300A80613 /* Sources */,
				0A37637C1F62556300A80613 /* Frameworks */,
				0A37637D1F62556300A80613 /* Resources */,
				FED796BC20EF6B3B0044B82F /* Embed Frameworks */,
			);
			buildRules = (
			);
			dependencies = (
			);
			name = CollectionViewToolsExample;
			productName = CollectionViewToolsExample;
			productReference = 0A37637F1F62556300A80613 /* CollectionViewToolsExample.app */;
			productType = "com.apple.product-type.application";
		};
/* End PBXNativeTarget section */

/* Begin PBXProject section */
		0A3763771F62556300A80613 /* Project object */ = {
			isa = PBXProject;
			attributes = {
				LastSwiftUpdateCheck = 0830;
				LastUpgradeCheck = 0940;
				ORGANIZATIONNAME = Rosberry;
				TargetAttributes = {
					0A37637E1F62556300A80613 = {
						CreatedOnToolsVersion = 8.3.3;
						DevelopmentTeam = GPVA8JVMU3;
						LastSwiftMigration = 1000;
						ProvisioningStyle = Automatic;
					};
				};
			};
			buildConfigurationList = 0A37637A1F62556300A80613 /* Build configuration list for PBXProject "CollectionViewToolsExample" */;
			compatibilityVersion = "Xcode 3.2";
			developmentRegion = English;
			hasScannedForEncodings = 0;
			knownRegions = (
				en,
				Base,
			);
			mainGroup = 0A3763761F62556300A80613;
			productRefGroup = 0A3763801F62556300A80613 /* Products */;
			projectDirPath = "";
			projectRoot = "";
			targets = (
				0A37637E1F62556300A80613 /* CollectionViewToolsExample */,
			);
		};
/* End PBXProject section */

/* Begin PBXResourcesBuildPhase section */
		0A37637D1F62556300A80613 /* Resources */ = {
			isa = PBXResourcesBuildPhase;
			buildActionMask = 2147483647;
			files = (
				0A37638D1F62556400A80613 /* LaunchScreen.storyboard in Resources */,
				0A37638A1F62556300A80613 /* Assets.xcassets in Resources */,
			);
			runOnlyForDeploymentPostprocessing = 0;
		};
/* End PBXResourcesBuildPhase section */

/* Begin PBXSourcesBuildPhase section */
		0A37637B1F62556300A80613 /* Sources */ = {
			isa = PBXSourcesBuildPhase;
			buildActionMask = 2147483647;
			files = (
				0ACA6FC91F626AF900782C1E /* ImageCellItem.swift in Sources */,
				0ACA6FCE1F6275D200782C1E /* DetailViewController.swift in Sources */,
				0ACA6FCC1F626D2E00782C1E /* ImageCollectionViewCell.swift in Sources */,
				0A3763831F62556300A80613 /* AppDelegate.swift in Sources */,
				629A6E35B86008DC359DB40B /* TextCellItem.swift in Sources */,
				629A6F552D5D656B36F4F52C /* TextCollectionViewCell.swift in Sources */,
				629A6F192B106310AE2F4456 /* Collection+Shuffle.swift in Sources */,
				629A66269E82069645F0C493 /* Int+Random.swift in Sources */,
				629A6B0205FC8F49878C89C1 /* MainViewController.swift in Sources */,
				629A63FBA018222A355686F6 /* ExampleSectionItem.swift in Sources */,
			);
			runOnlyForDeploymentPostprocessing = 0;
		};
/* End PBXSourcesBuildPhase section */

/* Begin PBXVariantGroup section */
		0A37638B1F62556400A80613 /* LaunchScreen.storyboard */ = {
			isa = PBXVariantGroup;
			children = (
				0A37638C1F62556400A80613 /* Base */,
			);
			name = LaunchScreen.storyboard;
			sourceTree = "<group>";
		};
/* End PBXVariantGroup section */

/* Begin XCBuildConfiguration section */
		0A37639A1F62556400A80613 /* Debug */ = {
			isa = XCBuildConfiguration;
			buildSettings = {
				ALWAYS_SEARCH_USER_PATHS = NO;
				CLANG_ANALYZER_NONNULL = YES;
				CLANG_ANALYZER_NUMBER_OBJECT_CONVERSION = YES_AGGRESSIVE;
				CLANG_CXX_LANGUAGE_STANDARD = "gnu++0x";
				CLANG_CXX_LIBRARY = "libc++";
				CLANG_ENABLE_MODULES = YES;
				CLANG_ENABLE_OBJC_ARC = YES;
				CLANG_WARN_BLOCK_CAPTURE_AUTORELEASING = YES;
				CLANG_WARN_BOOL_CONVERSION = YES;
				CLANG_WARN_COMMA = YES;
				CLANG_WARN_CONSTANT_CONVERSION = YES;
				CLANG_WARN_DEPRECATED_OBJC_IMPLEMENTATIONS = YES;
				CLANG_WARN_DIRECT_OBJC_ISA_USAGE = YES_ERROR;
				CLANG_WARN_DOCUMENTATION_COMMENTS = YES;
				CLANG_WARN_EMPTY_BODY = YES;
				CLANG_WARN_ENUM_CONVERSION = YES;
				CLANG_WARN_INFINITE_RECURSION = YES;
				CLANG_WARN_INT_CONVERSION = YES;
				CLANG_WARN_NON_LITERAL_NULL_CONVERSION = YES;
				CLANG_WARN_OBJC_IMPLICIT_RETAIN_SELF = YES;
				CLANG_WARN_OBJC_LITERAL_CONVERSION = YES;
				CLANG_WARN_OBJC_ROOT_CLASS = YES_ERROR;
				CLANG_WARN_RANGE_LOOP_ANALYSIS = YES;
				CLANG_WARN_STRICT_PROTOTYPES = YES;
				CLANG_WARN_SUSPICIOUS_MOVE = YES;
				CLANG_WARN_UNREACHABLE_CODE = YES;
				CLANG_WARN__DUPLICATE_METHOD_MATCH = YES;
				"CODE_SIGN_IDENTITY[sdk=iphoneos*]" = "iPhone Developer";
				COPY_PHASE_STRIP = NO;
				DEBUG_INFORMATION_FORMAT = dwarf;
				ENABLE_STRICT_OBJC_MSGSEND = YES;
				ENABLE_TESTABILITY = YES;
				GCC_C_LANGUAGE_STANDARD = gnu99;
				GCC_DYNAMIC_NO_PIC = NO;
				GCC_NO_COMMON_BLOCKS = YES;
				GCC_OPTIMIZATION_LEVEL = 0;
				GCC_PREPROCESSOR_DEFINITIONS = (
					"DEBUG=1",
					"$(inherited)",
				);
				GCC_WARN_64_TO_32_BIT_CONVERSION = YES;
				GCC_WARN_ABOUT_RETURN_TYPE = YES_ERROR;
				GCC_WARN_UNDECLARED_SELECTOR = YES;
				GCC_WARN_UNINITIALIZED_AUTOS = YES_AGGRESSIVE;
				GCC_WARN_UNUSED_FUNCTION = YES;
				GCC_WARN_UNUSED_VARIABLE = YES;
				IPHONEOS_DEPLOYMENT_TARGET = 10.3;
				MTL_ENABLE_DEBUG_INFO = YES;
				ONLY_ACTIVE_ARCH = YES;
				SDKROOT = iphoneos;
				SWIFT_ACTIVE_COMPILATION_CONDITIONS = DEBUG;
				SWIFT_OPTIMIZATION_LEVEL = "-Onone";
			};
			name = Debug;
		};
		0A37639B1F62556400A80613 /* Release */ = {
			isa = XCBuildConfiguration;
			buildSettings = {
				ALWAYS_SEARCH_USER_PATHS = NO;
				CLANG_ANALYZER_NONNULL = YES;
				CLANG_ANALYZER_NUMBER_OBJECT_CONVERSION = YES_AGGRESSIVE;
				CLANG_CXX_LANGUAGE_STANDARD = "gnu++0x";
				CLANG_CXX_LIBRARY = "libc++";
				CLANG_ENABLE_MODULES = YES;
				CLANG_ENABLE_OBJC_ARC = YES;
				CLANG_WARN_BLOCK_CAPTURE_AUTORELEASING = YES;
				CLANG_WARN_BOOL_CONVERSION = YES;
				CLANG_WARN_COMMA = YES;
				CLANG_WARN_CONSTANT_CONVERSION = YES;
				CLANG_WARN_DEPRECATED_OBJC_IMPLEMENTATIONS = YES;
				CLANG_WARN_DIRECT_OBJC_ISA_USAGE = YES_ERROR;
				CLANG_WARN_DOCUMENTATION_COMMENTS = YES;
				CLANG_WARN_EMPTY_BODY = YES;
				CLANG_WARN_ENUM_CONVERSION = YES;
				CLANG_WARN_INFINITE_RECURSION = YES;
				CLANG_WARN_INT_CONVERSION = YES;
				CLANG_WARN_NON_LITERAL_NULL_CONVERSION = YES;
				CLANG_WARN_OBJC_IMPLICIT_RETAIN_SELF = YES;
				CLANG_WARN_OBJC_LITERAL_CONVERSION = YES;
				CLANG_WARN_OBJC_ROOT_CLASS = YES_ERROR;
				CLANG_WARN_RANGE_LOOP_ANALYSIS = YES;
				CLANG_WARN_STRICT_PROTOTYPES = YES;
				CLANG_WARN_SUSPICIOUS_MOVE = YES;
				CLANG_WARN_UNREACHABLE_CODE = YES;
				CLANG_WARN__DUPLICATE_METHOD_MATCH = YES;
				"CODE_SIGN_IDENTITY[sdk=iphoneos*]" = "iPhone Developer";
				COPY_PHASE_STRIP = NO;
				DEBUG_INFORMATION_FORMAT = "dwarf-with-dsym";
				ENABLE_NS_ASSERTIONS = NO;
				ENABLE_STRICT_OBJC_MSGSEND = YES;
				GCC_C_LANGUAGE_STANDARD = gnu99;
				GCC_NO_COMMON_BLOCKS = YES;
				GCC_WARN_64_TO_32_BIT_CONVERSION = YES;
				GCC_WARN_ABOUT_RETURN_TYPE = YES_ERROR;
				GCC_WARN_UNDECLARED_SELECTOR = YES;
				GCC_WARN_UNINITIALIZED_AUTOS = YES_AGGRESSIVE;
				GCC_WARN_UNUSED_FUNCTION = YES;
				GCC_WARN_UNUSED_VARIABLE = YES;
				IPHONEOS_DEPLOYMENT_TARGET = 10.3;
				MTL_ENABLE_DEBUG_INFO = NO;
				SDKROOT = iphoneos;
				SWIFT_OPTIMIZATION_LEVEL = "-Owholemodule";
				VALIDATE_PRODUCT = YES;
			};
			name = Release;
		};
		0A37639D1F62556400A80613 /* Debug */ = {
			isa = XCBuildConfiguration;
			buildSettings = {
				ASSETCATALOG_COMPILER_APPICON_NAME = AppIcon;
				DEVELOPMENT_TEAM = GPVA8JVMU3;
				INFOPLIST_FILE = CollectionViewToolsExample/Info.plist;
				IPHONEOS_DEPLOYMENT_TARGET = 8.2;
				LD_RUNPATH_SEARCH_PATHS = "$(inherited) @executable_path/Frameworks";
				PRODUCT_BUNDLE_IDENTIFIER = com.rosberry.CollectionViewToolsExample;
				PRODUCT_NAME = "$(TARGET_NAME)";
				SWIFT_VERSION = 4.2;
			};
			name = Debug;
		};
		0A37639E1F62556400A80613 /* Release */ = {
			isa = XCBuildConfiguration;
			buildSettings = {
				ASSETCATALOG_COMPILER_APPICON_NAME = AppIcon;
				DEVELOPMENT_TEAM = GPVA8JVMU3;
				INFOPLIST_FILE = CollectionViewToolsExample/Info.plist;
				IPHONEOS_DEPLOYMENT_TARGET = 8.2;
				LD_RUNPATH_SEARCH_PATHS = "$(inherited) @executable_path/Frameworks";
				PRODUCT_BUNDLE_IDENTIFIER = com.rosberry.CollectionViewToolsExample;
				PRODUCT_NAME = "$(TARGET_NAME)";
				SWIFT_VERSION = 4.2;
			};
			name = Release;
		};
/* End XCBuildConfiguration section */

/* Begin XCConfigurationList section */
		0A37637A1F62556300A80613 /* Build configuration list for PBXProject "CollectionViewToolsExample" */ = {
			isa = XCConfigurationList;
			buildConfigurations = (
				0A37639A1F62556400A80613 /* Debug */,
				0A37639B1F62556400A80613 /* Release */,
			);
			defaultConfigurationIsVisible = 0;
			defaultConfigurationName = Release;
		};
		0A37639C1F62556400A80613 /* Build configuration list for PBXNativeTarget "CollectionViewToolsExample" */ = {
			isa = XCConfigurationList;
			buildConfigurations = (
				0A37639D1F62556400A80613 /* Debug */,
				0A37639E1F62556400A80613 /* Release */,
			);
			defaultConfigurationIsVisible = 0;
			defaultConfigurationName = Release;
		};
/* End XCConfigurationList section */
	};
	rootObject = 0A3763771F62556300A80613 /* Project object */;
}
